
Microsoft Visual Studio Solution File, Format Version 12.00
# Visual Studio Version 17
VisualStudioVersion = 17.1.32421.90
MinimumVisualStudioVersion = 10.0.40219.1
Project("{FAE04EC0-301F-11D3-BF4B-00C04F79EFBC}") = "ЛР8ИДЗ", "ЛР8ИДЗ\ЛР8ИДЗ.csproj", "{35AB1157-B9DD-43BE-AD0E-1A6FC9957C90}"
EndProject
Global
	GlobalSection(SolutionConfigurationPlatforms) = preSolution
		Debug|Any CPU = Debug|Any CPU
		Release|Any CPU = Release|Any CPU
	EndGlobalSection
	GlobalSection(ProjectConfigurationPlatforms) = postSolution
		{35AB1157-B9DD-43BE-AD0E-1A6FC9957C90}.Debug|Any CPU.ActiveCfg = Debug|Any CPU
		{35AB1157-B9DD-43BE-AD0E-1A6FC9957C90}.Debug|Any CPU.Build.0 = Debug|Any CPU
		{35AB1157-B9DD-43BE-AD0E-1A6FC9957C90}.Release|Any CPU.ActiveCfg = Release|Any CPU
		{35AB1157-B9DD-43BE-AD0E-1A6FC9957C90}.Release|Any CPU.Build.0 = Release|Any CPU
	EndGlobalSection
	GlobalSection(SolutionProperties) = preSolution
		HideSolutionNode = FALSE
	EndGlobalSection
	GlobalSection(ExtensibilityGlobals) = postSolution
		SolutionGuid = {508713F7-FE92-4D2A-ADB1-DD59A587FF0F}
	EndGlobalSection
EndGlobal
